
Microsoft Visual Studio Solution File, Format Version 12.00
# Visual Studio Version 17
VisualStudioVersion = 17.7.34031.279
MinimumVisualStudioVersion = 10.0.40219.1
Project("{9A19103F-16F7-4668-BE54-9A1E7A4F7556}") = "Business", "Business\Business.csproj", "{A6033862-A3B6-4A17-9299-440E7F3D8454}"
	ProjectSection(ProjectDependencies) = postProject
		{6153B3BD-4B4E-4EEF-8496-A373ED76298A} = {6153B3BD-4B4E-4EEF-8496-A373ED76298A}
	EndProjectSection
EndProject
Project("{9A19103F-16F7-4668-BE54-9A1E7A4F7556}") = "Core", "Core\Core.csproj", "{41FC6472-F83B-4CE0-9461-74803ECDA9FE}"
EndProject
Project("{9A19103F-16F7-4668-BE54-9A1E7A4F7556}") = "DataAccess", "DataAccess\DataAccess.csproj", "{3F80612C-E354-47DD-8545-FFD6468F92A8}"
EndProject
Project("{9A19103F-16F7-4668-BE54-9A1E7A4F7556}") = "Entities", "Entities\Entities.csproj", "{6153B3BD-4B4E-4EEF-8496-A373ED76298A}"
EndProject
Project("{9A19103F-16F7-4668-BE54-9A1E7A4F7556}") = "WebAPI", "API\WebAPI.csproj", "{EFF4F134-E248-4F0A-A493-9F025D7F88C9}"
EndProject
Global
	GlobalSection(SolutionConfigurationPlatforms) = preSolution
		Debug|Any CPU = Debug|Any CPU
		Release|Any CPU = Release|Any CPU
	EndGlobalSection
	GlobalSection(ProjectConfigurationPlatforms) = postSolution
		{A6033862-A3B6-4A17-9299-440E7F3D8454}.Debug|Any CPU.ActiveCfg = Debug|Any CPU
		{A6033862-A3B6-4A17-9299-440E7F3D8454}.Debug|Any CPU.Build.0 = Debug|Any CPU
		{A6033862-A3B6-4A17-9299-440E7F3D8454}.Release|Any CPU.ActiveCfg = Release|Any CPU
		{A6033862-A3B6-4A17-9299-440E7F3D8454}.Release|Any CPU.Build.0 = Release|Any CPU
		{41FC6472-F83B-4CE0-9461-74803ECDA9FE}.Debug|Any CPU.ActiveCfg = Debug|Any CPU
		{41FC6472-F83B-4CE0-9461-74803ECDA9FE}.Debug|Any CPU.Build.0 = Debug|Any CPU
		{41FC6472-F83B-4CE0-9461-74803ECDA9FE}.Release|Any CPU.ActiveCfg = Release|Any CPU
		{41FC6472-F83B-4CE0-9461-74803ECDA9FE}.Release|Any CPU.Build.0 = Release|Any CPU
		{3F80612C-E354-47DD-8545-FFD6468F92A8}.Debug|Any CPU.ActiveCfg = Debug|Any CPU
		{3F80612C-E354-47DD-8545-FFD6468F92A8}.Debug|Any CPU.Build.0 = Debug|Any CPU
		{3F80612C-E354-47DD-8545-FFD6468F92A8}.Release|Any CPU.ActiveCfg = Release|Any CPU
		{3F80612C-E354-47DD-8545-FFD6468F92A8}.Release|Any CPU.Build.0 = Release|Any CPU
		{6153B3BD-4B4E-4EEF-8496-A373ED76298A}.Debug|Any CPU.ActiveCfg = Debug|Any CPU
		{6153B3BD-4B4E-4EEF-8496-A373ED76298A}.Debug|Any CPU.Build.0 = Debug|Any CPU
		{6153B3BD-4B4E-4EEF-8496-A373ED76298A}.Release|Any CPU.ActiveCfg = Release|Any CPU
		{6153B3BD-4B4E-4EEF-8496-A373ED76298A}.Release|Any CPU.Build.0 = Release|Any CPU
		{EFF4F134-E248-4F0A-A493-9F025D7F88C9}.Debug|Any CPU.ActiveCfg = Debug|Any CPU
		{EFF4F134-E248-4F0A-A493-9F025D7F88C9}.Debug|Any CPU.Build.0 = Debug|Any CPU
		{EFF4F134-E248-4F0A-A493-9F025D7F88C9}.Release|Any CPU.ActiveCfg = Release|Any CPU
		{EFF4F134-E248-4F0A-A493-9F025D7F88C9}.Release|Any CPU.Build.0 = Release|Any CPU
	EndGlobalSection
	GlobalSection(SolutionProperties) = preSolution
		HideSolutionNode = FALSE
	EndGlobalSection
	GlobalSection(ExtensibilityGlobals) = postSolution
		SolutionGuid = {14DD3869-3FD8-4C0B-A26C-3CD6F5880594}
	EndGlobalSection
EndGlobal
